// !$*UTF8*$!
{
	archiveVersion = 1;
	classes = {
	};
	objectVersion = 77;
	objects = {

/* Begin PBXBuildFile section */
		6EA897102DD4641B0063076E /* ComposableArchitecture in Frameworks */ = {isa = PBXBuildFile; productRef = 6EA8970F2DD4641B0063076E /* ComposableArchitecture */; };
/* End PBXBuildFile section */

/* Begin PBXContainerItemProxy section */
		6E82C73F2DD435E200315747 /* PBXContainerItemProxy */ = {
			isa = PBXContainerItemProxy;
			containerPortal = 6E82C7262DD435E100315747 /* Project object */;
			proxyType = 1;
			remoteGlobalIDString = 6E82C72D2DD435E100315747;
			remoteInfo = TCA_Practice;
		};
		6E82C7492DD435E200315747 /* PBXContainerItemProxy */ = {
			isa = PBXContainerItemProxy;
			containerPortal = 6E82C7262DD435E100315747 /* Project object */;
			proxyType = 1;
			remoteGlobalIDString = 6E82C72D2DD435E100315747;
			remoteInfo = TCA_Practice;
		};
/* End PBXContainerItemProxy section */

/* Begin PBXFileReference section */
		6E82C72E2DD435E100315747 /* TCA_Practice.app */ = {isa = PBXFileReference; explicitFileType = wrapper.application; includeInIndex = 0; path = TCA_Practice.app; sourceTree = BUILT_PRODUCTS_DIR; };
		6E82C73E2DD435E200315747 /* TCA_PracticeTests.xctest */ = {isa = PBXFileReference; explicitFileType = wrapper.cfbundle; includeInIndex = 0; path = TCA_PracticeTests.xctest; sourceTree = BUILT_PRODUCTS_DIR; };
		6E82C7482DD435E200315747 /* TCA_PracticeUITests.xctest */ = {isa = PBXFileReference; explicitFileType = wrapper.cfbundle; includeInIndex = 0; path = TCA_PracticeUITests.xctest; sourceTree = BUILT_PRODUCTS_DIR; };
/* End PBXFileReference section */

/* Begin PBXFileSystemSynchronizedRootGroup section */
		6E82C7302DD435E100315747 /* TCA_Practice */ = {
			isa = PBXFileSystemSynchronizedRootGroup;
			path = TCA_Practice;
			sourceTree = "<group>";
		};
		6E82C7412DD435E200315747 /* TCA_PracticeTests */ = {
			isa = PBXFileSystemSynchronizedRootGroup;
			path = TCA_PracticeTests;
			sourceTree = "<group>";
		};
		6E82C74B2DD435E200315747 /* TCA_PracticeUITests */ = {
			isa = PBXFileSystemSynchronizedRootGroup;
			path = TCA_PracticeUITests;
			sourceTree = "<group>";
		};
/* End PBXFileSystemSynchronizedRootGroup section */

/* Begin PBXFrameworksBuildPhase section */
		6E82C72B2DD435E100315747 /* Frameworks */ = {
			isa = PBXFrameworksBuildPhase;
			buildActionMask = 2147483647;
			files = (
				6EA897102DD4641B0063076E /* ComposableArchitecture in Frameworks */,
			);
			runOnlyForDeploymentPostprocessing = 0;
		};
		6E82C73B2DD435E200315747 /* Frameworks */ = {
			isa = PBXFrameworksBuildPhase;
			buildActionMask = 2147483647;
			files = (
			);
			runOnlyForDeploymentPostprocessing = 0;
		};
		6E82C7452DD435E200315747 /* Frameworks */ = {
			isa = PBXFrameworksBuildPhase;
			buildActionMask = 2147483647;
			files = (
			);
			runOnlyForDeploymentPostprocessing = 0;
		};
/* End PBXFrameworksBuildPhase section */

/* Begin PBXGroup section */
		6E82C7252DD435E100315747 = {
			isa = PBXGroup;
			children = (
				6E82C7302DD435E100315747 /* TCA_Practice */,
				6E82C7412DD435E200315747 /* TCA_PracticeTests */,
				6E82C74B2DD435E200315747 /* TCA_PracticeUITests */,
				6EA8970E2DD4641A0063076E /* Frameworks */,
				6E82C72F2DD435E100315747 /* Products */,
			);
			sourceTree = "<group>";
		};
		6E82C72F2DD435E100315747 /* Products */ = {
			isa = PBXGroup;
			children = (
				6E82C72E2DD435E100315747 /* TCA_Practice.app */,
				6E82C73E2DD435E200315747 /* TCA_PracticeTests.xctest */,
				6E82C7482DD435E200315747 /* TCA_PracticeUITests.xctest */,
			);
			name = Products;
			sourceTree = "<group>";
		};
		6EA8970E2DD4641A0063076E /* Frameworks */ = {
			isa = PBXGroup;
			children = (
			);
			name = Frameworks;
			sourceTree = "<group>";
		};
/* End PBXGroup section */

/* Begin PBXNativeTarget section */
		6E82C72D2DD435E100315747 /* TCA_Practice */ = {
			isa = PBXNativeTarget;
			buildConfigurationList = 6E82C7522DD435E200315747 /* Build configuration list for PBXNativeTarget "TCA_Practice" */;
			buildPhases = (
				6E82C72A2DD435E100315747 /* Sources */,
				6E82C72B2DD435E100315747 /* Frameworks */,
				6E82C72C2DD435E100315747 /* Resources */,
			);
			buildRules = (
			);
			dependencies = (
			);
			fileSystemSynchronizedGroups = (
				6E82C7302DD435E100315747 /* TCA_Practice */,
			);
			name = TCA_Practice;
			packageProductDependencies = (
				6EA8970F2DD4641B0063076E /* ComposableArchitecture */,
			);
			productName = TCA_Practice;
			productReference = 6E82C72E2DD435E100315747 /* TCA_Practice.app */;
			productType = "com.apple.product-type.application";
		};
		6E82C73D2DD435E200315747 /* TCA_PracticeTests */ = {
			isa = PBXNativeTarget;
			buildConfigurationList = 6E82C7552DD435E200315747 /* Build configuration list for PBXNativeTarget "TCA_PracticeTests" */;
			buildPhases = (
				6E82C73A2DD435E200315747 /* Sources */,
				6E82C73B2DD435E200315747 /* Frameworks */,
				6E82C73C2DD435E200315747 /* Resources */,
			);
			buildRules = (
			);
			dependencies = (
				6E82C7402DD435E200315747 /* PBXTargetDependency */,
			);
			fileSystemSynchronizedGroups = (
				6E82C7412DD435E200315747 /* TCA_PracticeTests */,
			);
			name = TCA_PracticeTests;
			packageProductDependencies = (
			);
			productName = TCA_PracticeTests;
			productReference = 6E82C73E2DD435E200315747 /* TCA_PracticeTests.xctest */;
			productType = "com.apple.product-type.bundle.unit-test";
		};
		6E82C7472DD435E200315747 /* TCA_PracticeUITests */ = {
			isa = PBXNativeTarget;
			buildConfigurationList = 6E82C7582DD435E200315747 /* Build configuration list for PBXNativeTarget "TCA_PracticeUITests" */;
			buildPhases = (
				6E82C7442DD435E200315747 /* Sources */,
				6E82C7452DD435E200315747 /* Frameworks */,
				6E82C7462DD435E200315747 /* Resources */,
			);
			buildRules = (
			);
			dependencies = (
				6E82C74A2DD435E200315747 /* PBXTargetDependency */,
			);
			fileSystemSynchronizedGroups = (
				6E82C74B2DD435E200315747 /* TCA_PracticeUITests */,
			);
			name = TCA_PracticeUITests;
			packageProductDependencies = (
			);
			productName = TCA_PracticeUITests;
			productReference = 6E82C7482DD435E200315747 /* TCA_PracticeUITests.xctest */;
			productType = "com.apple.product-type.bundle.ui-testing";
		};
/* End PBXNativeTarget section */

/* Begin PBXProject section */
		6E82C7262DD435E100315747 /* Project object */ = {
			isa = PBXProject;
			attributes = {
				BuildIndependentTargetsInParallel = 1;
				LastSwiftUpdateCheck = 1610;
				LastUpgradeCheck = 1610;
				TargetAttributes = {
					6E82C72D2DD435E100315747 = {
						CreatedOnToolsVersion = 16.1;
					};
					6E82C73D2DD435E200315747 = {
						CreatedOnToolsVersion = 16.1;
						TestTargetID = 6E82C72D2DD435E100315747;
					};
					6E82C7472DD435E200315747 = {
						CreatedOnToolsVersion = 16.1;
						TestTargetID = 6E82C72D2DD435E100315747;
					};
				};
			};
			buildConfigurationList = 6E82C7292DD435E100315747 /* Build configuration list for PBXProject "TCA_Practice" */;
			developmentRegion = en;
			hasScannedForEncodings = 0;
			knownRegions = (
				en,
				Base,
			);
			mainGroup = 6E82C7252DD435E100315747;
			minimizedProjectReferenceProxies = 1;
			packageReferences = (
				6E268C912DD44789009BB508 /* XCRemoteSwiftPackageReference "swift-composable-architecture" */,
			);
			preferredProjectObjectVersion = 77;
			productRefGroup = 6E82C72F2DD435E100315747 /* Products */;
			projectDirPath = "";
			projectRoot = "";
			targets = (
				6E82C72D2DD435E100315747 /* TCA_Practice */,
				6E82C73D2DD435E200315747 /* TCA_PracticeTests */,
				6E82C7472DD435E200315747 /* TCA_PracticeUITests */,
			);
		};
/* End PBXProject section */

/* Begin PBXResourcesBuildPhase section */
		6E82C72C2DD435E100315747 /* Resources */ = {
			isa = PBXResourcesBuildPhase;
			buildActionMask = 2147483647;
			files = (
			);
			runOnlyForDeploymentPostprocessing = 0;
		};
		6E82C73C2DD435E200315747 /* Resources */ = {
			isa = PBXResourcesBuildPhase;
			buildActionMask = 2147483647;
			files = (
			);
			runOnlyForDeploymentPostprocessing = 0;
		};
		6E82C7462DD435E200315747 /* Resources */ = {
			isa = PBXResourcesBuildPhase;
			buildActionMask = 2147483647;
			files = (
			);
			runOnlyForDeploymentPostprocessing = 0;
		};
/* End PBXResourcesBuildPhase section */

/* Begin PBXSourcesBuildPhase section */
		6E82C72A2DD435E100315747 /* Sources */ = {
			isa = PBXSourcesBuildPhase;
			buildActionMask = 2147483647;
			files = (
			);
			runOnlyForDeploymentPostprocessing = 0;
		};
		6E82C73A2DD435E200315747 /* Sources */ = {
			isa = PBXSourcesBuildPhase;
			buildActionMask = 2147483647;
			files = (
			);
			runOnlyForDeploymentPostprocessing = 0;
		};
		6E82C7442DD435E200315747 /* Sources */ = {
			isa = PBXSourcesBuildPhase;
			buildActionMask = 2147483647;
			files = (
			);
			runOnlyForDeploymentPostprocessing = 0;
		};
/* End PBXSourcesBuildPhase section */

/* Begin PBXTargetDependency section */
		6E82C7402DD435E200315747 /* PBXTargetDependency */ = {
			isa = PBXTargetDependency;
			target = 6E82C72D2DD435E100315747 /* TCA_Practice */;
			targetProxy = 6E82C73F2DD435E200315747 /* PBXContainerItemProxy */;
		};
		6E82C74A2DD435E200315747 /* PBXTargetDependency */ = {
			isa = PBXTargetDependency;
			target = 6E82C72D2DD435E100315747 /* TCA_Practice */;
			targetProxy = 6E82C7492DD435E200315747 /* PBXContainerItemProxy */;
		};
/* End PBXTargetDependency section */

/* Begin XCBuildConfiguration section */
		6E82C7502DD435E200315747 /* Debug */ = {
			isa = XCBuildConfiguration;
			buildSettings = {
				ALWAYS_SEARCH_USER_PATHS = NO;
				ASSETCATALOG_COMPILER_GENERATE_SWIFT_ASSET_SYMBOL_EXTENSIONS = YES;
				CLANG_ANALYZER_NONNULL = YES;
				CLANG_ANALYZER_NUMBER_OBJECT_CONVERSION = YES_AGGRESSIVE;
				CLANG_CXX_LANGUAGE_STANDARD = "gnu++20";
				CLANG_ENABLE_MODULES = YES;
				CLANG_ENABLE_OBJC_ARC = YES;
				CLANG_ENABLE_OBJC_WEAK = YES;
				CLANG_WARN_BLOCK_CAPTURE_AUTORELEASING = YES;
				CLANG_WARN_BOOL_CONVERSION = YES;
				CLANG_WARN_COMMA = YES;
				CLANG_WARN_CONSTANT_CONVERSION = YES;
				CLANG_WARN_DEPRECATED_OBJC_IMPLEMENTATIONS = YES;
				CLANG_WARN_DIRECT_OBJC_ISA_USAGE = YES_ERROR;
				CLANG_WARN_DOCUMENTATION_COMMENTS = YES;
				CLANG_WARN_EMPTY_BODY = YES;
				CLANG_WARN_ENUM_CONVERSION = YES;
				CLANG_WARN_INFINITE_RECURSION = YES;
				CLANG_WARN_INT_CONVERSION = YES;
				CLANG_WARN_NON_LITERAL_NULL_CONVERSION = YES;
				CLANG_WARN_OBJC_IMPLICIT_RETAIN_SELF = YES;
				CLANG_WARN_OBJC_LITERAL_CONVERSION = YES;
				CLANG_WARN_OBJC_ROOT_CLASS = YES_ERROR;
				CLANG_WARN_QUOTED_INCLUDE_IN_FRAMEWORK_HEADER = YES;
				CLANG_WARN_RANGE_LOOP_ANALYSIS = YES;
				CLANG_WARN_STRICT_PROTOTYPES = YES;
				CLANG_WARN_SUSPICIOUS_MOVE = YES;
				CLANG_WARN_UNGUARDED_AVAILABILITY = YES_AGGRESSIVE;
				CLANG_WARN_UNREACHABLE_CODE = YES;
				CLANG_WARN__DUPLICATE_METHOD_MATCH = YES;
				COPY_PHASE_STRIP = NO;
				DEBUG_INFORMATION_FORMAT = dwarf;
				ENABLE_STRICT_OBJC_MSGSEND = YES;
				ENABLE_TESTABILITY = YES;
				ENABLE_USER_SCRIPT_SANDBOXING = YES;
				GCC_C_LANGUAGE_STANDARD = gnu17;
				GCC_DYNAMIC_NO_PIC = NO;
				GCC_NO_COMMON_BLOCKS = YES;
				GCC_OPTIMIZATION_LEVEL = 0;
				GCC_PREPROCESSOR_DEFINITIONS = (
					"DEBUG=1",
					"$(inherited)",
				);
				GCC_WARN_64_TO_32_BIT_CONVERSION = YES;
				GCC_WARN_ABOUT_RETURN_TYPE = YES_ERROR;
				GCC_WARN_UNDECLARED_SELECTOR = YES;
				GCC_WARN_UNINITIALIZED_AUTOS = YES_AGGRESSIVE;
				GCC_WARN_UNUSED_FUNCTION = YES;
				GCC_WARN_UNUSED_VARIABLE = YES;
				IPHONEOS_DEPLOYMENT_TARGET = 18.1;
				LOCALIZATION_PREFERS_STRING_CATALOGS = YES;
				MTL_ENABLE_DEBUG_INFO = INCLUDE_SOURCE;
				MTL_FAST_MATH = YES;
				ONLY_ACTIVE_ARCH = YES;
				SDKROOT = iphoneos;
				SWIFT_ACTIVE_COMPILATION_CONDITIONS = "DEBUG $(inherited)";
				SWIFT_OPTIMIZATION_LEVEL = "-Onone";
			};
			name = Debug;
		};
		6E82C7512DD435E200315747 /* Release */ = {
			isa = XCBuildConfiguration;
			buildSettings = {
				ALWAYS_SEARCH_USER_PATHS = NO;
				ASSETCATALOG_COMPILER_GENERATE_SWIFT_ASSET_SYMBOL_EXTENSIONS = YES;
				CLANG_ANALYZER_NONNULL = YES;
				CLANG_ANALYZER_NUMBER_OBJECT_CONVERSION = YES_AGGRESSIVE;
				CLANG_CXX_LANGUAGE_STANDARD = "gnu++20";
				CLANG_ENABLE_MODULES = YES;
				CLANG_ENABLE_OBJC_ARC = YES;
				CLANG_ENABLE_OBJC_WEAK = YES;
				CLANG_WARN_BLOCK_CAPTURE_AUTORELEASING = YES;
				CLANG_WARN_BOOL_CONVERSION = YES;
				CLANG_WARN_COMMA = YES;
				CLANG_WARN_CONSTANT_CONVERSION = YES;
				CLANG_WARN_DEPRECATED_OBJC_IMPLEMENTATIONS = YES;
				CLANG_WARN_DIRECT_OBJC_ISA_USAGE = YES_ERROR;
				CLANG_WARN_DOCUMENTATION_COMMENTS = YES;
				CLANG_WARN_EMPTY_BODY = YES;
				CLANG_WARN_ENUM_CONVERSION = YES;
				CLANG_WARN_INFINITE_RECURSION = YES;
				CLANG_WARN_INT_CONVERSION = YES;
				CLANG_WARN_NON_LITERAL_NULL_CONVERSION = YES;
				CLANG_WARN_OBJC_IMPLICIT_RETAIN_SELF = YES;
				CLANG_WARN_OBJC_LITERAL_CONVERSION = YES;
				CLANG_WARN_OBJC_ROOT_CLASS = YES_ERROR;
				CLANG_WARN_QUOTED_INCLUDE_IN_FRAMEWORK_HEADER = YES;
				CLANG_WARN_RANGE_LOOP_ANALYSIS = YES;
				CLANG_WARN_STRICT_PROTOTYPES = YES;
				CLANG_WARN_SUSPICIOUS_MOVE = YES;
				CLANG_WARN_UNGUARDED_AVAILABILITY = YES_AGGRESSIVE;
				CLANG_WARN_UNREACHABLE_CODE = YES;
				CLANG_WARN__DUPLICATE_METHOD_MATCH = YES;
				COPY_PHASE_STRIP = NO;
				DEBUG_INFORMATION_FORMAT = "dwarf-with-dsym";
				ENABLE_NS_ASSERTIONS = NO;
				ENABLE_STRICT_OBJC_MSGSEND = YES;
				ENABLE_USER_SCRIPT_SANDBOXING = YES;
				GCC_C_LANGUAGE_STANDARD = gnu17;
				GCC_NO_COMMON_BLOCKS = YES;
				GCC_WARN_64_TO_32_BIT_CONVERSION = YES;
				GCC_WARN_ABOUT_RETURN_TYPE = YES_ERROR;
				GCC_WARN_UNDECLARED_SELECTOR = YES;
				GCC_WARN_UNINITIALIZED_AUTOS = YES_AGGRESSIVE;
				GCC_WARN_UNUSED_FUNCTION = YES;
				GCC_WARN_UNUSED_VARIABLE = YES;
				IPHONEOS_DEPLOYMENT_TARGET = 18.1;
				LOCALIZATION_PREFERS_STRING_CATALOGS = YES;
				MTL_ENABLE_DEBUG_INFO = NO;
				MTL_FAST_MATH = YES;
				SDKROOT = iphoneos;
				SWIFT_COMPILATION_MODE = wholemodule;
				VALIDATE_PRODUCT = YES;
			};
			name = Release;
		};
		6E82C7532DD435E200315747 /* Debug */ = {
			isa = XCBuildConfiguration;
			buildSettings = {
				ASSETCATALOG_COMPILER_APPICON_NAME = AppIcon;
				ASSETCATALOG_COMPILER_GLOBAL_ACCENT_COLOR_NAME = AccentColor;
				CODE_SIGN_STYLE = Automatic;
				CURRENT_PROJECT_VERSION = 1;
				DEVELOPMENT_ASSET_PATHS = "\"TCA_Practice/Preview Content\"";
				DEVELOPMENT_TEAM = 9H772B9TV8;
				ENABLE_PREVIEWS = YES;
				GENERATE_INFOPLIST_FILE = YES;
				INFOPLIST_KEY_UIApplicationSceneManifest_Generation = YES;
				INFOPLIST_KEY_UIApplicationSupportsIndirectInputEvents = YES;
				INFOPLIST_KEY_UILaunchScreen_Generation = YES;
				INFOPLIST_KEY_UISupportedInterfaceOrientations_iPad = "UIInterfaceOrientationPortrait UIInterfaceOrientationPortraitUpsideDown UIInterfaceOrientationLandscapeLeft UIInterfaceOrientationLandscapeRight";
				INFOPLIST_KEY_UISupportedInterfaceOrientations_iPhone = "UIInterfaceOrientationPortrait UIInterfaceOrientationLandscapeLeft UIInterfaceOrientationLandscapeRight";
				LD_RUNPATH_SEARCH_PATHS = (
					"$(inherited)",
					"@executable_path/Frameworks",
				);
				MARKETING_VERSION = 1.0;
				PRODUCT_BUNDLE_IDENTIFIER = "com.cj.TCA-Practice";
				PRODUCT_NAME = "$(TARGET_NAME)";
				SWIFT_EMIT_LOC_STRINGS = YES;
				SWIFT_VERSION = 6.0;
				TARGETED_DEVICE_FAMILY = "1,2";
			};
			name = Debug;
		};
		6E82C7542DD435E200315747 /* Release */ = {
			isa = XCBuildConfiguration;
			buildSettings = {
				ASSETCATALOG_COMPILER_APPICON_NAME = AppIcon;
				ASSETCATALOG_COMPILER_GLOBAL_ACCENT_COLOR_NAME = AccentColor;
				CODE_SIGN_STYLE = Automatic;
				CURRENT_PROJECT_VERSION = 1;
				DEVELOPMENT_ASSET_PATHS = "\"TCA_Practice/Preview Content\"";
				DEVELOPMENT_TEAM = 9H772B9TV8;
				ENABLE_PREVIEWS = YES;
				GENERATE_INFOPLIST_FILE = YES;
				INFOPLIST_KEY_UIApplicationSceneManifest_Generation = YES;
				INFOPLIST_KEY_UIApplicationSupportsIndirectInputEvents = YES;
				INFOPLIST_KEY_UILaunchScreen_Generation = YES;
				INFOPLIST_KEY_UISupportedInterfaceOrientations_iPad = "UIInterfaceOrientationPortrait UIInterfaceOrientationPortraitUpsideDown UIInterfaceOrientationLandscapeLeft UIInterfaceOrientationLandscapeRight";
				INFOPLIST_KEY_UISupportedInterfaceOrientations_iPhone = "UIInterfaceOrientationPortrait UIInterfaceOrientationLandscapeLeft UIInterfaceOrientationLandscapeRight";
				LD_RUNPATH_SEARCH_PATHS = (
					"$(inherited)",
					"@executable_path/Frameworks",
				);
				MARKETING_VERSION = 1.0;
				PRODUCT_BUNDLE_IDENTIFIER = "com.cj.TCA-Practice";
				PRODUCT_NAME = "$(TARGET_NAME)";
				SWIFT_EMIT_LOC_STRINGS = YES;
				SWIFT_VERSION = 6.0;
				TARGETED_DEVICE_FAMILY = "1,2";
			};
			name = Release;
		};
		6E82C7562DD435E200315747 /* Debug */ = {
			isa = XCBuildConfiguration;
			buildSettings = {
				BUNDLE_LOADER = "$(TEST_HOST)";
				CODE_SIGN_STYLE = Automatic;
				CURRENT_PROJECT_VERSION = 1;
				DEVELOPMENT_TEAM = 9H772B9TV8;
				GENERATE_INFOPLIST_FILE = YES;
				IPHONEOS_DEPLOYMENT_TARGET = 18.1;
				MARKETING_VERSION = 1.0;
				PRODUCT_BUNDLE_IDENTIFIER = "com.cj.TCA-PracticeTests";
				PRODUCT_NAME = "$(TARGET_NAME)";
				SWIFT_EMIT_LOC_STRINGS = NO;
				SWIFT_VERSION = 5.0;
				TARGETED_DEVICE_FAMILY = "1,2";
				TEST_HOST = "$(BUILT_PRODUCTS_DIR)/TCA_Practice.app/$(BUNDLE_EXECUTABLE_FOLDER_PATH)/TCA_Practice";
			};
			name = Debug;
		};
		6E82C7572DD435E200315747 /* Release */ = {
			isa = XCBuildConfiguration;
			buildSettings = {
				BUNDLE_LOADER = "$(TEST_HOST)";
				CODE_SIGN_STYLE = Automatic;
				CURRENT_PROJECT_VERSION = 1;
				DEVELOPMENT_TEAM = 9H772B9TV8;
				GENERATE_INFOPLIST_FILE = YES;
				IPHONEOS_DEPLOYMENT_TARGET = 18.1;
				MARKETING_VERSION = 1.0;
				PRODUCT_BUNDLE_IDENTIFIER = "com.cj.TCA-PracticeTests";
				PRODUCT_NAME = "$(TARGET_NAME)";
				SWIFT_EMIT_LOC_STRINGS = NO;
				SWIFT_VERSION = 5.0;
				TARGETED_DEVICE_FAMILY = "1,2";
				TEST_HOST = "$(BUILT_PRODUCTS_DIR)/TCA_Practice.app/$(BUNDLE_EXECUTABLE_FOLDER_PATH)/TCA_Practice";
			};
			name = Release;
		};
		6E82C7592DD435E200315747 /* Debug */ = {
			isa = XCBuildConfiguration;
			buildSettings = {
				CODE_SIGN_STYLE = Automatic;
				CURRENT_PROJECT_VERSION = 1;
				DEVELOPMENT_TEAM = 9H772B9TV8;
				GENERATE_INFOPLIST_FILE = YES;
				MARKETING_VERSION = 1.0;
				PRODUCT_BUNDLE_IDENTIFIER = "com.cj.TCA-PracticeUITests";
				PRODUCT_NAME = "$(TARGET_NAME)";
				SWIFT_EMIT_LOC_STRINGS = NO;
				SWIFT_VERSION = 5.0;
				TARGETED_DEVICE_FAMILY = "1,2";
				TEST_TARGET_NAME = TCA_Practice;
			};
			name = Debug;
		};
		6E82C75A2DD435E200315747 /* Release */ = {
			isa = XCBuildConfiguration;
			buildSettings = {
				CODE_SIGN_STYLE = Automatic;
				CURRENT_PROJECT_VERSION = 1;
				DEVELOPMENT_TEAM = 9H772B9TV8;
				GENERATE_INFOPLIST_FILE = YES;
				MARKETING_VERSION = 1.0;
				PRODUCT_BUNDLE_IDENTIFIER = "com.cj.TCA-PracticeUITests";
				PRODUCT_NAME = "$(TARGET_NAME)";
				SWIFT_EMIT_LOC_STRINGS = NO;
				SWIFT_VERSION = 5.0;
				TARGETED_DEVICE_FAMILY = "1,2";
				TEST_TARGET_NAME = TCA_Practice;
			};
			name = Release;
		};
/* End XCBuildConfiguration section */

/* Begin XCConfigurationList section */
		6E82C7292DD435E100315747 /* Build configuration list for PBXProject "TCA_Practice" */ = {
			isa = XCConfigurationList;
			buildConfigurations = (
				6E82C7502DD435E200315747 /* Debug */,
				6E82C7512DD435E200315747 /* Release */,
			);
			defaultConfigurationIsVisible = 0;
			defaultConfigurationName = Release;
		};
		6E82C7522DD435E200315747 /* Build configuration list for PBXNativeTarget "TCA_Practice" */ = {
			isa = XCConfigurationList;
			buildConfigurations = (
				6E82C7532DD435E200315747 /* Debug */,
				6E82C7542DD435E200315747 /* Release */,
			);
			defaultConfigurationIsVisible = 0;
			defaultConfigurationName = Release;
		};
		6E82C7552DD435E200315747 /* Build configuration list for PBXNativeTarget "TCA_PracticeTests" */ = {
			isa = XCConfigurationList;
			buildConfigurations = (
				6E82C7562DD435E200315747 /* Debug */,
				6E82C7572DD435E200315747 /* Release */,
			);
			defaultConfigurationIsVisible = 0;
			defaultConfigurationName = Release;
		};
		6E82C7582DD435E200315747 /* Build configuration list for PBXNativeTarget "TCA_PracticeUITests" */ = {
			isa = XCConfigurationList;
			buildConfigurations = (
				6E82C7592DD435E200315747 /* Debug */,
				6E82C75A2DD435E200315747 /* Release */,
			);
			defaultConfigurationIsVisible = 0;
			defaultConfigurationName = Release;
		};
/* End XCConfigurationList section */

/* Begin XCRemoteSwiftPackageReference section */
		6E268C912DD44789009BB508 /* XCRemoteSwiftPackageReference "swift-composable-architecture" */ = {
			isa = XCRemoteSwiftPackageReference;
			repositoryURL = "https://github.com/pointfreeco/swift-composable-architecture";
			requirement = {
				kind = upToNextMajorVersion;
				minimumVersion = 1.12.0;
			};
		};
/* End XCRemoteSwiftPackageReference section */

/* Begin XCSwiftPackageProductDependency section */
		6EA8970F2DD4641B0063076E /* ComposableArchitecture */ = {
			isa = XCSwiftPackageProductDependency;
			package = 6E268C912DD44789009BB508 /* XCRemoteSwiftPackageReference "swift-composable-architecture" */;
			productName = ComposableArchitecture;
		};
/* End XCSwiftPackageProductDependency section */
	};
	rootObject = 6E82C7262DD435E100315747 /* Project object */;
}
